
Microsoft Visual Studio Solution File, Format Version 12.00
# Visual Studio Version 16
VisualStudioVersion = 16.0.28922.388
MinimumVisualStudioVersion = 10.0.40219.1
Project("{F2A71F9B-5D33-465A-A702-920D77279786}") = "FSharpTest", "FSharpTest\FSharpTest.fsproj", "{83C79073-1F6D-4CA7-87B6-0036227FCC04}"
EndProject
Global
	GlobalSection(SolutionConfigurationPlatforms) = preSolution
		Debug|Any CPU = Debug|Any CPU
		Release|Any CPU = Release|Any CPU
	EndGlobalSection
	GlobalSection(ProjectConfigurationPlatforms) = postSolution
		{83C79073-1F6D-4CA7-87B6-0036227FCC04}.Debug|Any CPU.ActiveCfg = Debug|Any CPU
		{83C79073-1F6D-4CA7-87B6-0036227FCC04}.Debug|Any CPU.Build.0 = Debug|Any CPU
		{83C79073-1F6D-4CA7-87B6-0036227FCC04}.Release|Any CPU.ActiveCfg = Release|Any CPU
		{83C79073-1F6D-4CA7-87B6-0036227FCC04}.Release|Any CPU.Build.0 = Release|Any CPU
	EndGlobalSection
	GlobalSection(SolutionProperties) = preSolution
		HideSolutionNode = FALSE
	EndGlobalSection
	GlobalSection(ExtensibilityGlobals) = postSolution
		SolutionGuid = {929944D0-E304-41DB-9245-FA1ED3A4CC26}
	EndGlobalSection
EndGlobal
